{
  "name": "clean-mesh",
  "version": "1.0.0",
  "lockfileVersion": 3,
  "requires": true,
  "packages": {
    "": {
      "name": "clean-mesh",
      "version": "1.0.0",
      "license": "ISC",
      "dependencies": {
        "@thi.ng/geom-io-obj": "^0.3.189",
        "@thi.ng/object-utils": "^1.2.9",
        "@thi.ng/vectors": "^8.6.5",
        "gl-matrix": "^3.4.4",
        "lodash": "^4.17.21",
        "tsx": "^4.20.5"
      },
      "devDependencies": {
        "@types/node": "^24.3.0",
        "prettier": "3.6.2"
      }
    },
    "node_modules/@esbuild/aix-ppc64": {
      "version": "0.25.9",
      "resolved": "https://registry.npmjs.org/@esbuild/aix-ppc64/-/aix-ppc64-0.25.9.tgz",
      "integrity": "sha512-OaGtL73Jck6pBKjNIe24BnFE6agGl+6KxDtTfHhy1HmhthfKouEcOhqpSL64K4/0WCtbKFLOdzD/44cJ4k9opA==",
      "cpu": [
        "ppc64"
      ],
      "optional": true,
      "os": [
        "aix"
      ],
      "engines": {
        "node": ">=18"
      }
    },
    "node_modules/@esbuild/android-arm": {
      "version": "0.25.9",
      "resolved": "https://registry.npmjs.org/@esbuild/android-arm/-/android-arm-0.25.9.tgz",
      "integrity": "sha512-5WNI1DaMtxQ7t7B6xa572XMXpHAaI/9Hnhk8lcxF4zVN4xstUgTlvuGDorBguKEnZO70qwEcLpfifMLoxiPqHQ==",
      "cpu": [
        "arm"
      ],
      "optional": true,
      "os": [
        "android"
      ],
      "engines": {
        "node": ">=18"
      }
    },
    "node_modules/@esbuild/android-arm64": {
      "version": "0.25.9",
      "resolved": "https://registry.npmjs.org/@esbuild/android-arm64/-/android-arm64-0.25.9.tgz",
      "integrity": "sha512-IDrddSmpSv51ftWslJMvl3Q2ZT98fUSL2/rlUXuVqRXHCs5EUF1/f+jbjF5+NG9UffUDMCiTyh8iec7u8RlTLg==",
      "cpu": [
        "arm64"
      ],
      "optional": true,
      "os": [
        "android"
      ],
      "engines": {
        "node": ">=18"
      }
    },
    "node_modules/@esbuild/android-x64": {
      "version": "0.25.9",
      "resolved": "https://registry.npmjs.org/@esbuild/android-x64/-/android-x64-0.25.9.tgz",
      "integrity": "sha512-I853iMZ1hWZdNllhVZKm34f4wErd4lMyeV7BLzEExGEIZYsOzqDWDf+y082izYUE8gtJnYHdeDpN/6tUdwvfiw==",
      "cpu": [
        "x64"
      ],
      "optional": true,
      "os": [
        "android"
      ],
      "engines": {
        "node": ">=18"
      }
    },
    "node_modules/@esbuild/darwin-arm64": {
      "version": "0.25.9",
      "resolved": "https://registry.npmjs.org/@esbuild/darwin-arm64/-/darwin-arm64-0.25.9.tgz",
      "integrity": "sha512-XIpIDMAjOELi/9PB30vEbVMs3GV1v2zkkPnuyRRURbhqjyzIINwj+nbQATh4H9GxUgH1kFsEyQMxwiLFKUS6Rg==",
      "cpu": [
        "arm64"
      ],
      "optional": true,
      "os": [
        "darwin"
      ],
      "engines": {
        "node": ">=18"
      }
    },
    "node_modules/@esbuild/darwin-x64": {
      "version": "0.25.9",
      "resolved": "https://registry.npmjs.org/@esbuild/darwin-x64/-/darwin-x64-0.25.9.tgz",
      "integrity": "sha512-jhHfBzjYTA1IQu8VyrjCX4ApJDnH+ez+IYVEoJHeqJm9VhG9Dh2BYaJritkYK3vMaXrf7Ogr/0MQ8/MeIefsPQ==",
      "cpu": [
        "x64"
      ],
      "optional": true,
      "os": [
        "darwin"
      ],
      "engines": {
        "node": ">=18"
      }
    },
    "node_modules/@esbuild/freebsd-arm64": {
      "version": "0.25.9",
      "resolved": "https://registry.npmjs.org/@esbuild/freebsd-arm64/-/freebsd-arm64-0.25.9.tgz",
      "integrity": "sha512-z93DmbnY6fX9+KdD4Ue/H6sYs+bhFQJNCPZsi4XWJoYblUqT06MQUdBCpcSfuiN72AbqeBFu5LVQTjfXDE2A6Q==",
      "cpu": [
        "arm64"
      ],
      "optional": true,
      "os": [
        "freebsd"
      ],
      "engines": {
        "node": ">=18"
      }
    },
    "node_modules/@esbuild/freebsd-x64": {
      "version": "0.25.9",
      "resolved": "https://registry.npmjs.org/@esbuild/freebsd-x64/-/freebsd-x64-0.25.9.tgz",
      "integrity": "sha512-mrKX6H/vOyo5v71YfXWJxLVxgy1kyt1MQaD8wZJgJfG4gq4DpQGpgTB74e5yBeQdyMTbgxp0YtNj7NuHN0PoZg==",
      "cpu": [
        "x64"
      ],
      "optional": true,
      "os": [
        "freebsd"
      ],
      "engines": {
        "node": ">=18"
      }
    },
    "node_modules/@esbuild/linux-arm": {
      "version": "0.25.9",
      "resolved": "https://registry.npmjs.org/@esbuild/linux-arm/-/linux-arm-0.25.9.tgz",
      "integrity": "sha512-HBU2Xv78SMgaydBmdor38lg8YDnFKSARg1Q6AT0/y2ezUAKiZvc211RDFHlEZRFNRVhcMamiToo7bDx3VEOYQw==",
      "cpu": [
        "arm"
      ],
      "optional": true,
      "os": [
        "linux"
      ],
      "engines": {
        "node": ">=18"
      }
    },
    "node_modules/@esbuild/linux-arm64": {
      "version": "0.25.9",
      "resolved": "https://registry.npmjs.org/@esbuild/linux-arm64/-/linux-arm64-0.25.9.tgz",
      "integrity": "sha512-BlB7bIcLT3G26urh5Dmse7fiLmLXnRlopw4s8DalgZ8ef79Jj4aUcYbk90g8iCa2467HX8SAIidbL7gsqXHdRw==",
      "cpu": [
        "arm64"
      ],
      "optional": true,
      "os": [
        "linux"
      ],
      "engines": {
        "node": ">=18"
      }
    },
    "node_modules/@esbuild/linux-ia32": {
      "version": "0.25.9",
      "resolved": "https://registry.npmjs.org/@esbuild/linux-ia32/-/linux-ia32-0.25.9.tgz",
      "integrity": "sha512-e7S3MOJPZGp2QW6AK6+Ly81rC7oOSerQ+P8L0ta4FhVi+/j/v2yZzx5CqqDaWjtPFfYz21Vi1S0auHrap3Ma3A==",
      "cpu": [
        "ia32"
      ],
      "optional": true,
      "os": [
        "linux"
      ],
      "engines": {
        "node": ">=18"
      }
    },
    "node_modules/@esbuild/linux-loong64": {
      "version": "0.25.9",
      "resolved": "https://registry.npmjs.org/@esbuild/linux-loong64/-/linux-loong64-0.25.9.tgz",
      "integrity": "sha512-Sbe10Bnn0oUAB2AalYztvGcK+o6YFFA/9829PhOCUS9vkJElXGdphz0A3DbMdP8gmKkqPmPcMJmJOrI3VYB1JQ==",
      "cpu": [
        "loong64"
      ],
      "optional": true,
      "os": [
        "linux"
      ],
      "engines": {
        "node": ">=18"
      }
    },
    "node_modules/@esbuild/linux-mips64el": {
      "version": "0.25.9",
      "resolved": "https://registry.npmjs.org/@esbuild/linux-mips64el/-/linux-mips64el-0.25.9.tgz",
      "integrity": "sha512-YcM5br0mVyZw2jcQeLIkhWtKPeVfAerES5PvOzaDxVtIyZ2NUBZKNLjC5z3/fUlDgT6w89VsxP2qzNipOaaDyA==",
      "cpu": [
        "mips64el"
      ],
      "optional": true,
      "os": [
        "linux"
      ],
      "engines": {
        "node": ">=18"
      }
    },
    "node_modules/@esbuild/linux-ppc64": {
      "version": "0.25.9",
      "resolved": "https://registry.npmjs.org/@esbuild/linux-ppc64/-/linux-ppc64-0.25.9.tgz",
      "integrity": "sha512-++0HQvasdo20JytyDpFvQtNrEsAgNG2CY1CLMwGXfFTKGBGQT3bOeLSYE2l1fYdvML5KUuwn9Z8L1EWe2tzs1w==",
      "cpu": [
        "ppc64"
      ],
      "optional": true,
      "os": [
        "linux"
      ],
      "engines": {
        "node": ">=18"
      }
    },
    "node_modules/@esbuild/linux-riscv64": {
      "version": "0.25.9",
      "resolved": "https://registry.npmjs.org/@esbuild/linux-riscv64/-/linux-riscv64-0.25.9.tgz",
      "integrity": "sha512-uNIBa279Y3fkjV+2cUjx36xkx7eSjb8IvnL01eXUKXez/CBHNRw5ekCGMPM0BcmqBxBcdgUWuUXmVWwm4CH9kg==",
      "cpu": [
        "riscv64"
      ],
      "optional": true,
      "os": [
        "linux"
      ],
      "engines": {
        "node": ">=18"
      }
    },
    "node_modules/@esbuild/linux-s390x": {
      "version": "0.25.9",
      "resolved": "https://registry.npmjs.org/@esbuild/linux-s390x/-/linux-s390x-0.25.9.tgz",
      "integrity": "sha512-Mfiphvp3MjC/lctb+7D287Xw1DGzqJPb/J2aHHcHxflUo+8tmN/6d4k6I2yFR7BVo5/g7x2Monq4+Yew0EHRIA==",
      "cpu": [
        "s390x"
      ],
      "optional": true,
      "os": [
        "linux"
      ],
      "engines": {
        "node": ">=18"
      }
    },
    "node_modules/@esbuild/linux-x64": {
      "version": "0.25.9",
      "resolved": "https://registry.npmjs.org/@esbuild/linux-x64/-/linux-x64-0.25.9.tgz",
      "integrity": "sha512-iSwByxzRe48YVkmpbgoxVzn76BXjlYFXC7NvLYq+b+kDjyyk30J0JY47DIn8z1MO3K0oSl9fZoRmZPQI4Hklzg==",
      "cpu": [
        "x64"
      ],
      "optional": true,
      "os": [
        "linux"
      ],
      "engines": {
        "node": ">=18"
      }
    },
    "node_modules/@esbuild/netbsd-arm64": {
      "version": "0.25.9",
      "resolved": "https://registry.npmjs.org/@esbuild/netbsd-arm64/-/netbsd-arm64-0.25.9.tgz",
      "integrity": "sha512-9jNJl6FqaUG+COdQMjSCGW4QiMHH88xWbvZ+kRVblZsWrkXlABuGdFJ1E9L7HK+T0Yqd4akKNa/lO0+jDxQD4Q==",
      "cpu": [
        "arm64"
      ],
      "optional": true,
      "os": [
        "netbsd"
      ],
      "engines": {
        "node": ">=18"
      }
    },
    "node_modules/@esbuild/netbsd-x64": {
      "version": "0.25.9",
      "resolved": "https://registry.npmjs.org/@esbuild/netbsd-x64/-/netbsd-x64-0.25.9.tgz",
      "integrity": "sha512-RLLdkflmqRG8KanPGOU7Rpg829ZHu8nFy5Pqdi9U01VYtG9Y0zOG6Vr2z4/S+/3zIyOxiK6cCeYNWOFR9QP87g==",
      "cpu": [
        "x64"
      ],
      "optional": true,
      "os": [
        "netbsd"
      ],
      "engines": {
        "node": ">=18"
      }
    },
    "node_modules/@esbuild/openbsd-arm64": {
      "version": "0.25.9",
      "resolved": "https://registry.npmjs.org/@esbuild/openbsd-arm64/-/openbsd-arm64-0.25.9.tgz",
      "integrity": "sha512-YaFBlPGeDasft5IIM+CQAhJAqS3St3nJzDEgsgFixcfZeyGPCd6eJBWzke5piZuZ7CtL656eOSYKk4Ls2C0FRQ==",
      "cpu": [
        "arm64"
      ],
      "optional": true,
      "os": [
        "openbsd"
      ],
      "engines": {
        "node": ">=18"
      }
    },
    "node_modules/@esbuild/openbsd-x64": {
      "version": "0.25.9",
      "resolved": "https://registry.npmjs.org/@esbuild/openbsd-x64/-/openbsd-x64-0.25.9.tgz",
      "integrity": "sha512-1MkgTCuvMGWuqVtAvkpkXFmtL8XhWy+j4jaSO2wxfJtilVCi0ZE37b8uOdMItIHz4I6z1bWWtEX4CJwcKYLcuA==",
      "cpu": [
        "x64"
      ],
      "optional": true,
      "os": [
        "openbsd"
      ],
      "engines": {
        "node": ">=18"
      }
    },
    "node_modules/@esbuild/openharmony-arm64": {
      "version": "0.25.9",
      "resolved": "https://registry.npmjs.org/@esbuild/openharmony-arm64/-/openharmony-arm64-0.25.9.tgz",
      "integrity": "sha512-4Xd0xNiMVXKh6Fa7HEJQbrpP3m3DDn43jKxMjxLLRjWnRsfxjORYJlXPO4JNcXtOyfajXorRKY9NkOpTHptErg==",
      "cpu": [
        "arm64"
      ],
      "optional": true,
      "os": [
        "openharmony"
      ],
      "engines": {
        "node": ">=18"
      }
    },
    "node_modules/@esbuild/sunos-x64": {
      "version": "0.25.9",
      "resolved": "https://registry.npmjs.org/@esbuild/sunos-x64/-/sunos-x64-0.25.9.tgz",
      "integrity": "sha512-WjH4s6hzo00nNezhp3wFIAfmGZ8U7KtrJNlFMRKxiI9mxEK1scOMAaa9i4crUtu+tBr+0IN6JCuAcSBJZfnphw==",
      "cpu": [
        "x64"
      ],
      "optional": true,
      "os": [
        "sunos"
      ],
      "engines": {
        "node": ">=18"
      }
    },
    "node_modules/@esbuild/win32-arm64": {
      "version": "0.25.9",
      "resolved": "https://registry.npmjs.org/@esbuild/win32-arm64/-/win32-arm64-0.25.9.tgz",
      "integrity": "sha512-mGFrVJHmZiRqmP8xFOc6b84/7xa5y5YvR1x8djzXpJBSv/UsNK6aqec+6JDjConTgvvQefdGhFDAs2DLAds6gQ==",
      "cpu": [
        "arm64"
      ],
      "optional": true,
      "os": [
        "win32"
      ],
      "engines": {
        "node": ">=18"
      }
    },
    "node_modules/@esbuild/win32-ia32": {
      "version": "0.25.9",
      "resolved": "https://registry.npmjs.org/@esbuild/win32-ia32/-/win32-ia32-0.25.9.tgz",
      "integrity": "sha512-b33gLVU2k11nVx1OhX3C8QQP6UHQK4ZtN56oFWvVXvz2VkDoe6fbG8TOgHFxEvqeqohmRnIHe5A1+HADk4OQww==",
      "cpu": [
        "ia32"
      ],
      "optional": true,
      "os": [
        "win32"
      ],
      "engines": {
        "node": ">=18"
      }
    },
    "node_modules/@esbuild/win32-x64": {
      "version": "0.25.9",
      "resolved": "https://registry.npmjs.org/@esbuild/win32-x64/-/win32-x64-0.25.9.tgz",
      "integrity": "sha512-PPOl1mi6lpLNQxnGoyAfschAodRFYXJ+9fs6WHXz7CSWKbOqiMZsubC+BQsVKuul+3vKLuwTHsS2c2y9EoKwxQ==",
      "cpu": [
        "x64"
      ],
      "optional": true,
      "os": [
        "win32"
      ],
      "engines": {
        "node": ">=18"
      }
    },
    "node_modules/@thi.ng/api": {
      "version": "8.12.1",
      "resolved": "https://registry.npmjs.org/@thi.ng/api/-/api-8.12.1.tgz",
      "integrity": "sha512-rcWOG67R2kgmm1euT0aVtOllPLFgOsDMNxcfYPSLoSvb669BqUc9lbfBKL7I/w9b0BU1QYGIoCUb8FMcjLTT/A==",
      "funding": [
        {
          "type": "github",
          "url": "https://github.com/sponsors/postspectacular"
        },
        {
          "type": "patreon",
          "url": "https://patreon.com/thing_umbrella"
        },
        {
          "type": "liberapay",
          "url": "https://liberapay.com/thi.ng"
        }
      ],
      "engines": {
        "node": ">=18"
      }
    },
    "node_modules/@thi.ng/binary": {
      "version": "3.4.59",
      "resolved": "https://registry.npmjs.org/@thi.ng/binary/-/binary-3.4.59.tgz",
      "integrity": "sha512-2zWLFYqMd0l4tgGvc6ib9+K9rOuNvnT3b1CmygoPxjnLy8ksBfkSsLHDL2qL54t7/joS2hEFqWxc8E+UONkDEw==",
      "funding": [
        {
          "type": "github",
          "url": "https://github.com/sponsors/postspectacular"
        },
        {
          "type": "patreon",
          "url": "https://patreon.com/thing_umbrella"
        },
        {
          "type": "liberapay",
          "url": "https://liberapay.com/thi.ng"
        }
      ],
      "dependencies": {
        "@thi.ng/api": "^8.12.1"
      },
      "engines": {
        "node": ">=18"
      }
    },
    "node_modules/@thi.ng/checks": {
      "version": "3.7.17",
      "resolved": "https://registry.npmjs.org/@thi.ng/checks/-/checks-3.7.17.tgz",
      "integrity": "sha512-knEYay4jBV3Me9rA0Py9BCGIb8APEC7trMW7nvJCF2u/rkIceTo0EXU1BaWnf56+1lH09UQhy11IQpZUfPzs0Q==",
      "funding": [
        {
          "type": "github",
          "url": "https://github.com/sponsors/postspectacular"
        },
        {
          "type": "patreon",
          "url": "https://patreon.com/thing_umbrella"
        },
        {
          "type": "liberapay",
          "url": "https://liberapay.com/thi.ng"
        }
      ],
      "engines": {
        "node": ">=18"
      }
    },
    "node_modules/@thi.ng/errors": {
      "version": "2.5.41",
      "resolved": "https://registry.npmjs.org/@thi.ng/errors/-/errors-2.5.41.tgz",
      "integrity": "sha512-NyOIo+1ovKvLkNk8qVIfo6aXqfXPdNo+TO1Z47UYP7RkTl9fDoQM6Thqkuq82I+YoL2WsdRvt8IcWjoVqwUH3A==",
      "funding": [
        {
          "type": "github",
          "url": "https://github.com/sponsors/postspectacular"
        },
        {
          "type": "patreon",
          "url": "https://patreon.com/thing_umbrella"
        },
        {
          "type": "liberapay",
          "url": "https://liberapay.com/thi.ng"
        }
      ],
      "engines": {
        "node": ">=18"
      }
    },
    "node_modules/@thi.ng/geom-io-obj": {
      "version": "0.3.189",
      "resolved": "https://registry.npmjs.org/@thi.ng/geom-io-obj/-/geom-io-obj-0.3.189.tgz",
      "integrity": "sha512-W75Plr0mNrHTyt70qCrZF/u5maBHHA1RKsuust4NqTvocJB2sKslnVUQUPoZk6DeAkDLwM5fgxrryBusknJoeA==",
      "funding": [
        {
          "type": "github",
          "url": "https://github.com/sponsors/postspectacular"
        },
        {
          "type": "patreon",
          "url": "https://patreon.com/thing_umbrella"
        },
        {
          "type": "liberapay",
          "url": "https://liberapay.com/thi.ng"
        }
      ],
      "dependencies": {
        "@thi.ng/api": "^8.12.1",
        "@thi.ng/errors": "^2.5.41",
        "@thi.ng/vectors": "^8.6.5"
      },
      "engines": {
        "node": ">=18"
      }
    },
    "node_modules/@thi.ng/hex": {
      "version": "2.3.79",
      "resolved": "https://registry.npmjs.org/@thi.ng/hex/-/hex-2.3.79.tgz",
      "integrity": "sha512-CeozMrc5Pv2Ar+o1iHwTECnVD8lcf1fyFGqaFVh4Uj6wgAxFR1pieGJhSFCDuj02iHLb7R0+syZZ9qHrVsMPSQ==",
      "funding": [
        {
          "type": "github",
          "url": "https://github.com/sponsors/postspectacular"
        },
        {
          "type": "patreon",
          "url": "https://patreon.com/thing_umbrella"
        },
        {
          "type": "liberapay",
          "url": "https://liberapay.com/thi.ng"
        }
      ],
      "engines": {
        "node": ">=18"
      }
    },
    "node_modules/@thi.ng/math": {
      "version": "5.11.35",
      "resolved": "https://registry.npmjs.org/@thi.ng/math/-/math-5.11.35.tgz",
      "integrity": "sha512-q8SJ0A26jW6a4gHIKVlspBYPUVWsq//enVmQj9Vz7JpvDgDMep/5q/LmM/f2FbxuxPCFSlCnKc/TejWjH4uHaA==",
      "funding": [
        {
          "type": "github",
          "url": "https://github.com/sponsors/postspectacular"
        },
        {
          "type": "patreon",
          "url": "https://patreon.com/thing_umbrella"
        },
        {
          "type": "liberapay",
          "url": "https://liberapay.com/thi.ng"
        }
      ],
      "dependencies": {
        "@thi.ng/api": "^8.12.1"
      },
      "engines": {
        "node": ">=18"
      }
    },
    "node_modules/@thi.ng/memoize": {
      "version": "4.0.25",
      "resolved": "https://registry.npmjs.org/@thi.ng/memoize/-/memoize-4.0.25.tgz",
      "integrity": "sha512-WB8cZWZQLPqy3aSJdqZINkQkCuDqJ6T0fQPLcyaVgqUXmYtgXsUpG07lFyayPzJgmx0+ol60Wev3W+j/cunxrw==",
      "funding": [
        {
          "type": "github",
          "url": "https://github.com/sponsors/postspectacular"
        },
        {
          "type": "patreon",
          "url": "https://patreon.com/thing_umbrella"
        },
        {
          "type": "liberapay",
          "url": "https://liberapay.com/thi.ng"
        }
      ],
      "dependencies": {
        "@thi.ng/api": "^8.12.1"
      },
      "engines": {
        "node": ">=18"
      }
    },
    "node_modules/@thi.ng/object-utils": {
      "version": "1.2.9",
      "resolved": "https://registry.npmjs.org/@thi.ng/object-utils/-/object-utils-1.2.9.tgz",
      "integrity": "sha512-puYOOiMrEkpYG9I1/0JQkL/OT9sBxQSPucik0DX8KqVNA2r+HQhd0PMHivhIVL9w4y9pGDdC6Wg/MLuVbN8ofA==",
      "funding": [
        {
          "type": "github",
          "url": "https://github.com/sponsors/postspectacular"
        },
        {
          "type": "patreon",
          "url": "https://patreon.com/thing_umbrella"
        },
        {
          "type": "liberapay",
          "url": "https://liberapay.com/thi.ng"
        }
      ],
      "dependencies": {
        "@thi.ng/api": "^8.12.1",
        "@thi.ng/checks": "^3.7.17"
      },
      "engines": {
        "node": ">=18"
      }
    },
    "node_modules/@thi.ng/random": {
      "version": "4.1.26",
      "resolved": "https://registry.npmjs.org/@thi.ng/random/-/random-4.1.26.tgz",
      "integrity": "sha512-H0fUL7w3j4ZrWzoQjGJZIPgAYsMnEZ1Zulz769sc16BTYie6qNarG74n/faFVE6ARi+7oYkCVtBKX87VM9vGhA==",
      "funding": [
        {
          "type": "github",
          "url": "https://github.com/sponsors/postspectacular"
        },
        {
          "type": "patreon",
          "url": "https://patreon.com/thing_umbrella"
        },
        {
          "type": "liberapay",
          "url": "https://liberapay.com/thi.ng"
        }
      ],
      "dependencies": {
        "@thi.ng/api": "^8.12.1",
        "@thi.ng/errors": "^2.5.41"
      },
      "engines": {
        "node": ">=18"
      }
    },
    "node_modules/@thi.ng/strings": {
      "version": "3.9.21",
      "resolved": "https://registry.npmjs.org/@thi.ng/strings/-/strings-3.9.21.tgz",
      "integrity": "sha512-vITvptwPTC/zmO0AoJuAxvigK7/oYPgQPI0SsvrCoEAjwuevQTmX0xIUYjeGLP5yB2TdcGA51z6447CSd9g9/A==",
      "funding": [
        {
          "type": "github",
          "url": "https://github.com/sponsors/postspectacular"
        },
        {
          "type": "patreon",
          "url": "https://patreon.com/thing_umbrella"
        },
        {
          "type": "liberapay",
          "url": "https://liberapay.com/thi.ng"
        }
      ],
      "dependencies": {
        "@thi.ng/api": "^8.12.1",
        "@thi.ng/errors": "^2.5.41",
        "@thi.ng/hex": "^2.3.79",
        "@thi.ng/memoize": "^4.0.25"
      },
      "engines": {
        "node": ">=18"
      }
    },
    "node_modules/@thi.ng/vectors": {
      "version": "8.6.5",
      "resolved": "https://registry.npmjs.org/@thi.ng/vectors/-/vectors-8.6.5.tgz",
      "integrity": "sha512-rPmysOKHLgwA7yRt79wweM8IPeys5lUvtMiglogakXS8zm50eHcmJ6F7v7E3D+6E0G6dfyha3T9WbExPzqTblQ==",
      "funding": [
        {
          "type": "github",
          "url": "https://github.com/sponsors/postspectacular"
        },
        {
          "type": "patreon",
          "url": "https://patreon.com/thing_umbrella"
        },
        {
          "type": "liberapay",
          "url": "https://liberapay.com/thi.ng"
        }
      ],
      "dependencies": {
        "@thi.ng/api": "^8.12.1",
        "@thi.ng/binary": "^3.4.59",
        "@thi.ng/checks": "^3.7.17",
        "@thi.ng/errors": "^2.5.41",
        "@thi.ng/math": "^5.11.35",
        "@thi.ng/memoize": "^4.0.25",
        "@thi.ng/random": "^4.1.26",
        "@thi.ng/strings": "^3.9.21"
      },
      "engines": {
        "node": ">=18"
      }
    },
    "node_modules/@types/node": {
      "version": "24.3.0",
      "resolved": "https://registry.npmjs.org/@types/node/-/node-24.3.0.tgz",
      "integrity": "sha512-aPTXCrfwnDLj4VvXrm+UUCQjNEvJgNA8s5F1cvwQU+3KNltTOkBm1j30uNLyqqPNe7gE3KFzImYoZEfLhp4Yow==",
      "dev": true,
      "dependencies": {
        "undici-types": "~7.10.0"
      }
    },
    "node_modules/esbuild": {
      "version": "0.25.9",
      "resolved": "https://registry.npmjs.org/esbuild/-/esbuild-0.25.9.tgz",
      "integrity": "sha512-CRbODhYyQx3qp7ZEwzxOk4JBqmD/seJrzPa/cGjY1VtIn5E09Oi9/dB4JwctnfZ8Q8iT7rioVv5k/FNT/uf54g==",
      "hasInstallScript": true,
      "bin": {
        "esbuild": "bin/esbuild"
      },
      "engines": {
        "node": ">=18"
      },
      "optionalDependencies": {
        "@esbuild/aix-ppc64": "0.25.9",
        "@esbuild/android-arm": "0.25.9",
        "@esbuild/android-arm64": "0.25.9",
        "@esbuild/android-x64": "0.25.9",
        "@esbuild/darwin-arm64": "0.25.9",
        "@esbuild/darwin-x64": "0.25.9",
        "@esbuild/freebsd-arm64": "0.25.9",
        "@esbuild/freebsd-x64": "0.25.9",
        "@esbuild/linux-arm": "0.25.9",
        "@esbuild/linux-arm64": "0.25.9",
        "@esbuild/linux-ia32": "0.25.9",
        "@esbuild/linux-loong64": "0.25.9",
        "@esbuild/linux-mips64el": "0.25.9",
        "@esbuild/linux-ppc64": "0.25.9",
        "@esbuild/linux-riscv64": "0.25.9",
        "@esbuild/linux-s390x": "0.25.9",
        "@esbuild/linux-x64": "0.25.9",
        "@esbuild/netbsd-arm64": "0.25.9",
        "@esbuild/netbsd-x64": "0.25.9",
        "@esbuild/openbsd-arm64": "0.25.9",
        "@esbuild/openbsd-x64": "0.25.9",
        "@esbuild/openharmony-arm64": "0.25.9",
        "@esbuild/sunos-x64": "0.25.9",
        "@esbuild/win32-arm64": "0.25.9",
        "@esbuild/win32-ia32": "0.25.9",
        "@esbuild/win32-x64": "0.25.9"
      }
    },
    "node_modules/fsevents": {
      "version": "2.3.3",
      "resolved": "https://registry.npmjs.org/fsevents/-/fsevents-2.3.3.tgz",
      "integrity": "sha512-5xoDfX+fL7faATnagmWPpbFtwh/R77WmMMqqHGS65C3vvB0YHrgF+B1YmZ3441tMj5n63k0212XNoJwzlhffQw==",
      "hasInstallScript": true,
      "optional": true,
      "os": [
        "darwin"
      ],
      "engines": {
        "node": "^8.16.0 || ^10.6.0 || >=11.0.0"
      }
    },
    "node_modules/get-tsconfig": {
      "version": "4.10.1",
      "resolved": "https://registry.npmjs.org/get-tsconfig/-/get-tsconfig-4.10.1.tgz",
      "integrity": "sha512-auHyJ4AgMz7vgS8Hp3N6HXSmlMdUyhSUrfBF16w153rxtLIEOE+HGqaBppczZvnHLqQJfiHotCYpNhl0lUROFQ==",
      "dependencies": {
        "resolve-pkg-maps": "^1.0.0"
      },
      "funding": {
        "url": "https://github.com/privatenumber/get-tsconfig?sponsor=1"
      }
    },
    "node_modules/gl-matrix": {
      "version": "3.4.4",
      "resolved": "https://registry.npmjs.org/gl-matrix/-/gl-matrix-3.4.4.tgz",
      "integrity": "sha512-latSnyDNt/8zYUB6VIJ6PCh2jBjJX6gnDsoCZ7LyW7GkqrD51EWwa9qCoGixj8YqBtETQK/xY7OmpTF8xz1DdQ=="
    },
    "node_modules/lodash": {
      "version": "4.17.21",
      "resolved": "https://registry.npmjs.org/lodash/-/lodash-4.17.21.tgz",
      "integrity": "sha512-v2kDEe57lecTulaDIuNTPy3Ry4gLGJ6Z1O3vE1krgXZNrsQ+LFTGHVxVjcXPs17LhbZVGedAJv8XZ1tvj5FvSg=="
    },
    "node_modules/prettier": {
      "version": "3.6.2",
      "resolved": "https://registry.npmjs.org/prettier/-/prettier-3.6.2.tgz",
      "integrity": "sha512-I7AIg5boAr5R0FFtJ6rCfD+LFsWHp81dolrFD8S79U9tb8Az2nGrJncnMSnys+bpQJfRUzqs9hnA81OAA3hCuQ==",
      "dev": true,
      "bin": {
        "prettier": "bin/prettier.cjs"
      },
      "engines": {
        "node": ">=14"
      },
      "funding": {
        "url": "https://github.com/prettier/prettier?sponsor=1"
      }
    },
    "node_modules/resolve-pkg-maps": {
      "version": "1.0.0",
      "resolved": "https://registry.npmjs.org/resolve-pkg-maps/-/resolve-pkg-maps-1.0.0.tgz",
      "integrity": "sha512-seS2Tj26TBVOC2NIc2rOe2y2ZO7efxITtLZcGSOnHHNOQ7CkiUBfw0Iw2ck6xkIhPwLhKNLS8BO+hEpngQlqzw==",
      "funding": {
        "url": "https://github.com/privatenumber/resolve-pkg-maps?sponsor=1"
      }
    },
    "node_modules/tsx": {
      "version": "4.20.5",
      "resolved": "https://registry.npmjs.org/tsx/-/tsx-4.20.5.tgz",
      "integrity": "sha512-+wKjMNU9w/EaQayHXb7WA7ZaHY6hN8WgfvHNQ3t1PnU91/7O8TcTnIhCDYTZwnt8JsO9IBqZ30Ln1r7pPF52Aw==",
      "dependencies": {
        "esbuild": "~0.25.0",
        "get-tsconfig": "^4.7.5"
      },
      "bin": {
        "tsx": "dist/cli.mjs"
      },
      "engines": {
        "node": ">=18.0.0"
      },
      "optionalDependencies": {
        "fsevents": "~2.3.3"
      }
    },
    "node_modules/undici-types": {
      "version": "7.10.0",
      "resolved": "https://registry.npmjs.org/undici-types/-/undici-types-7.10.0.tgz",
      "integrity": "sha512-t5Fy/nfn+14LuOc2KNYg75vZqClpAiqscVvMygNnlsHBFpSXdJaYtXMcdNLpl/Qvc3P2cB3s6lOV51nqsFq4ag==",
      "dev": true
    }
  }
}
